// !$*UTF8*$!
{
	archiveVersion = 1;
	classes = {
	};
	objectVersion = 46;
	objects = {

/* Begin PBXBuildFile section */
		A22E3FEA1E056BCA00959FC7 /* EasyNews1Full.html in Resources */ = {isa = PBXBuildFile; fileRef = A22E3FE91E056BCA00959FC7 /* EasyNews1Full.html */; };
		A22E3FEE1E066EDA00959FC7 /* RubiDocumentTestCase.swift in Sources */ = {isa = PBXBuildFile; fileRef = A22E3FED1E066EDA00959FC7 /* RubiDocumentTestCase.swift */; };
		A22E3FF01E066F2100959FC7 /* RubiParserTestCase.swift in Sources */ = {isa = PBXBuildFile; fileRef = A22E3FEF1E066F2100959FC7 /* RubiParserTestCase.swift */; };
		A22E3FF21E0806C500959FC7 /* RubiParserExtensionTestCase.swift in Sources */ = {isa = PBXBuildFile; fileRef = A22E3FF11E0806C500959FC7 /* RubiParserExtensionTestCase.swift */; };
		A22E3FF41E0808EB00959FC7 /* RubiDocumentExtensionTestCase.swift in Sources */ = {isa = PBXBuildFile; fileRef = A22E3FF31E0808EB00959FC7 /* RubiDocumentExtensionTestCase.swift */; };
		A22E3FF61E0810DA00959FC7 /* RubiDocument.swift in Sources */ = {isa = PBXBuildFile; fileRef = A22E3FF51E0810DA00959FC7 /* RubiDocument.swift */; };
		A22E3FF81E0810F700959FC7 /* RubiNode.swift in Sources */ = {isa = PBXBuildFile; fileRef = A22E3FF71E0810F700959FC7 /* RubiNode.swift */; };
		A22E3FFA1E08126600959FC7 /* RubiDocumentEquatableTestCase.swift in Sources */ = {isa = PBXBuildFile; fileRef = A22E3FF91E08126600959FC7 /* RubiDocumentEquatableTestCase.swift */; };
		A22E3FFC1E0813DC00959FC7 /* RubiNodeEquatableTestCase.swift in Sources */ = {isa = PBXBuildFile; fileRef = A22E3FFB1E0813DC00959FC7 /* RubiNodeEquatableTestCase.swift */; };
		A25BDBEF1E0849FF009EA638 /* RubiParser.framework in Frameworks */ = {isa = PBXBuildFile; fileRef = A25BDBE61E0849FF009EA638 /* RubiParser.framework */; };
		A25BDBFD1E084A85009EA638 /* NSScanner+Swift.swift in Sources */ = {isa = PBXBuildFile; fileRef = A266A1461E0551C4006ACF19 /* NSScanner+Swift.swift */; };
		A25BDBFE1E084A85009EA638 /* RubiDocument.swift in Sources */ = {isa = PBXBuildFile; fileRef = A22E3FF51E0810DA00959FC7 /* RubiDocument.swift */; };
		A25BDBFF1E084A85009EA638 /* RubiNode.swift in Sources */ = {isa = PBXBuildFile; fileRef = A22E3FF71E0810F700959FC7 /* RubiNode.swift */; };
		A25BDC001E084A85009EA638 /* RubiParser.h in Headers */ = {isa = PBXBuildFile; fileRef = A266A1291E054AC4006ACF19 /* RubiParser.h */; settings = {ATTRIBUTES = (Public, ); }; };
		A25BDC011E084A85009EA638 /* RubiParser.swift in Sources */ = {isa = PBXBuildFile; fileRef = A266A1401E054AE2006ACF19 /* RubiParser.swift */; };
		A25BDC021E084A9B009EA638 /* EasyNews1.html in Resources */ = {isa = PBXBuildFile; fileRef = A266A1421E054B83006ACF19 /* EasyNews1.html */; };
		A25BDC031E084A9B009EA638 /* EasyNews1Full.html in Resources */ = {isa = PBXBuildFile; fileRef = A22E3FE91E056BCA00959FC7 /* EasyNews1Full.html */; };
		A25BDC041E084A9B009EA638 /* RubiDocumentEquatableTestCase.swift in Sources */ = {isa = PBXBuildFile; fileRef = A22E3FF91E08126600959FC7 /* RubiDocumentEquatableTestCase.swift */; };
		A25BDC051E084A9B009EA638 /* RubiDocumentExtensionTestCase.swift in Sources */ = {isa = PBXBuildFile; fileRef = A22E3FF31E0808EB00959FC7 /* RubiDocumentExtensionTestCase.swift */; };
		A25BDC061E084A9B009EA638 /* RubiDocumentTestCase.swift in Sources */ = {isa = PBXBuildFile; fileRef = A22E3FED1E066EDA00959FC7 /* RubiDocumentTestCase.swift */; };
		A25BDC071E084A9B009EA638 /* RubiNodeEquatableTestCase.swift in Sources */ = {isa = PBXBuildFile; fileRef = A22E3FFB1E0813DC00959FC7 /* RubiNodeEquatableTestCase.swift */; };
		A25BDC081E084A9B009EA638 /* RubiParserExtensionTestCase.swift in Sources */ = {isa = PBXBuildFile; fileRef = A22E3FF11E0806C500959FC7 /* RubiParserExtensionTestCase.swift */; };
		A25BDC091E084A9B009EA638 /* RubiParserTestCase.swift in Sources */ = {isa = PBXBuildFile; fileRef = A22E3FEF1E066F2100959FC7 /* RubiParserTestCase.swift */; };
		A25BDC0A1E084A9B009EA638 /* XCTestCaseExtension.swift in Sources */ = {isa = PBXBuildFile; fileRef = A266A1481E05599F006ACF19 /* XCTestCaseExtension.swift */; };
		A25BDC191E084BA0009EA638 /* RubiParser.framework in Frameworks */ = {isa = PBXBuildFile; fileRef = A25BDC101E084BA0009EA638 /* RubiParser.framework */; };
		A25BDC271E084BDA009EA638 /* NSScanner+Swift.swift in Sources */ = {isa = PBXBuildFile; fileRef = A266A1461E0551C4006ACF19 /* NSScanner+Swift.swift */; };
		A25BDC281E084BDA009EA638 /* RubiDocument.swift in Sources */ = {isa = PBXBuildFile; fileRef = A22E3FF51E0810DA00959FC7 /* RubiDocument.swift */; };
		A25BDC291E084BDA009EA638 /* RubiNode.swift in Sources */ = {isa = PBXBuildFile; fileRef = A22E3FF71E0810F700959FC7 /* RubiNode.swift */; };
		A25BDC2A1E084BDA009EA638 /* RubiParser.swift in Sources */ = {isa = PBXBuildFile; fileRef = A266A1401E054AE2006ACF19 /* RubiParser.swift */; };
		A25BDC2B1E084BF6009EA638 /* EasyNews1.html in Resources */ = {isa = PBXBuildFile; fileRef = A266A1421E054B83006ACF19 /* EasyNews1.html */; };
		A25BDC2C1E084BF6009EA638 /* EasyNews1Full.html in Resources */ = {isa = PBXBuildFile; fileRef = A22E3FE91E056BCA00959FC7 /* EasyNews1Full.html */; };
		A25BDC2D1E084BF6009EA638 /* RubiDocumentEquatableTestCase.swift in Sources */ = {isa = PBXBuildFile; fileRef = A22E3FF91E08126600959FC7 /* RubiDocumentEquatableTestCase.swift */; };
		A25BDC2E1E084BF6009EA638 /* RubiDocumentExtensionTestCase.swift in Sources */ = {isa = PBXBuildFile; fileRef = A22E3FF31E0808EB00959FC7 /* RubiDocumentExtensionTestCase.swift */; };
		A25BDC2F1E084BF6009EA638 /* RubiDocumentTestCase.swift in Sources */ = {isa = PBXBuildFile; fileRef = A22E3FED1E066EDA00959FC7 /* RubiDocumentTestCase.swift */; };
		A25BDC301E084BF6009EA638 /* RubiNodeEquatableTestCase.swift in Sources */ = {isa = PBXBuildFile; fileRef = A22E3FFB1E0813DC00959FC7 /* RubiNodeEquatableTestCase.swift */; };
		A25BDC311E084BF6009EA638 /* RubiParserExtensionTestCase.swift in Sources */ = {isa = PBXBuildFile; fileRef = A22E3FF11E0806C500959FC7 /* RubiParserExtensionTestCase.swift */; };
		A25BDC321E084BF6009EA638 /* RubiParserTestCase.swift in Sources */ = {isa = PBXBuildFile; fileRef = A22E3FEF1E066F2100959FC7 /* RubiParserTestCase.swift */; };
		A25BDC331E084BF6009EA638 /* XCTestCaseExtension.swift in Sources */ = {isa = PBXBuildFile; fileRef = A266A1481E05599F006ACF19 /* XCTestCaseExtension.swift */; };
		A25BDC421E0A7BAC009EA638 /* RubiParser.framework in Frameworks */ = {isa = PBXBuildFile; fileRef = A25BDC391E0A7BAB009EA638 /* RubiParser.framework */; };
		A25BDC501E0A7C21009EA638 /* NSScanner+Swift.swift in Sources */ = {isa = PBXBuildFile; fileRef = A266A1461E0551C4006ACF19 /* NSScanner+Swift.swift */; };
		A25BDC511E0A7C21009EA638 /* RubiDocument.swift in Sources */ = {isa = PBXBuildFile; fileRef = A22E3FF51E0810DA00959FC7 /* RubiDocument.swift */; };
		A25BDC521E0A7C21009EA638 /* RubiNode.swift in Sources */ = {isa = PBXBuildFile; fileRef = A22E3FF71E0810F700959FC7 /* RubiNode.swift */; };
		A25BDC531E0A7C24009EA638 /* RubiParser.swift in Sources */ = {isa = PBXBuildFile; fileRef = A266A1401E054AE2006ACF19 /* RubiParser.swift */; };
		A25BDC541E0A7C29009EA638 /* EasyNews1.html in Resources */ = {isa = PBXBuildFile; fileRef = A266A1421E054B83006ACF19 /* EasyNews1.html */; };
		A25BDC551E0A7C29009EA638 /* EasyNews1Full.html in Resources */ = {isa = PBXBuildFile; fileRef = A22E3FE91E056BCA00959FC7 /* EasyNews1Full.html */; };
		A25BDC561E0A7C2E009EA638 /* RubiDocumentEquatableTestCase.swift in Sources */ = {isa = PBXBuildFile; fileRef = A22E3FF91E08126600959FC7 /* RubiDocumentEquatableTestCase.swift */; };
		A25BDC571E0A7C2E009EA638 /* RubiDocumentExtensionTestCase.swift in Sources */ = {isa = PBXBuildFile; fileRef = A22E3FF31E0808EB00959FC7 /* RubiDocumentExtensionTestCase.swift */; };
		A25BDC581E0A7C2E009EA638 /* RubiDocumentTestCase.swift in Sources */ = {isa = PBXBuildFile; fileRef = A22E3FED1E066EDA00959FC7 /* RubiDocumentTestCase.swift */; };
		A25BDC591E0A7C2E009EA638 /* RubiNodeEquatableTestCase.swift in Sources */ = {isa = PBXBuildFile; fileRef = A22E3FFB1E0813DC00959FC7 /* RubiNodeEquatableTestCase.swift */; };
		A25BDC5A1E0A7C2E009EA638 /* RubiParserExtensionTestCase.swift in Sources */ = {isa = PBXBuildFile; fileRef = A22E3FF11E0806C500959FC7 /* RubiParserExtensionTestCase.swift */; };
		A25BDC5B1E0A7C2E009EA638 /* RubiParserTestCase.swift in Sources */ = {isa = PBXBuildFile; fileRef = A22E3FEF1E066F2100959FC7 /* RubiParserTestCase.swift */; };
		A25BDC5C1E0A7C2E009EA638 /* XCTestCaseExtension.swift in Sources */ = {isa = PBXBuildFile; fileRef = A266A1481E05599F006ACF19 /* XCTestCaseExtension.swift */; };
		A266A1301E054AC4006ACF19 /* RubiParser.framework in Frameworks */ = {isa = PBXBuildFile; fileRef = A266A1261E054AC4006ACF19 /* RubiParser.framework */; };
		A266A1371E054AC4006ACF19 /* RubiParser.h in Headers */ = {isa = PBXBuildFile; fileRef = A266A1291E054AC4006ACF19 /* RubiParser.h */; settings = {ATTRIBUTES = (Public, ); }; };
		A266A1411E054AE2006ACF19 /* RubiParser.swift in Sources */ = {isa = PBXBuildFile; fileRef = A266A1401E054AE2006ACF19 /* RubiParser.swift */; };
		A266A1431E054B83006ACF19 /* EasyNews1.html in Resources */ = {isa = PBXBuildFile; fileRef = A266A1421E054B83006ACF19 /* EasyNews1.html */; };
		A266A1471E0551C4006ACF19 /* NSScanner+Swift.swift in Sources */ = {isa = PBXBuildFile; fileRef = A266A1461E0551C4006ACF19 /* NSScanner+Swift.swift */; };
		A266A1491E05599F006ACF19 /* XCTestCaseExtension.swift in Sources */ = {isa = PBXBuildFile; fileRef = A266A1481E05599F006ACF19 /* XCTestCaseExtension.swift */; };
/* End PBXBuildFile section */

/* Begin PBXContainerItemProxy section */
		A25BDBF01E0849FF009EA638 /* PBXContainerItemProxy */ = {
			isa = PBXContainerItemProxy;
			containerPortal = A266A11D1E054AC4006ACF19 /* Project object */;
			proxyType = 1;
			remoteGlobalIDString = A25BDBE51E0849FF009EA638;
			remoteInfo = RubiParser;
		};
		A25BDC1A1E084BA0009EA638 /* PBXContainerItemProxy */ = {
			isa = PBXContainerItemProxy;
			containerPortal = A266A11D1E054AC4006ACF19 /* Project object */;
			proxyType = 1;
			remoteGlobalIDString = A25BDC0F1E084BA0009EA638;
			remoteInfo = RubiParser;
		};
		A25BDC431E0A7BAC009EA638 /* PBXContainerItemProxy */ = {
			isa = PBXContainerItemProxy;
			containerPortal = A266A11D1E054AC4006ACF19 /* Project object */;
			proxyType = 1;
			remoteGlobalIDString = A25BDC381E0A7BAB009EA638;
			remoteInfo = RubiParser;
		};
		A266A1311E054AC4006ACF19 /* PBXContainerItemProxy */ = {
			isa = PBXContainerItemProxy;
			containerPortal = A266A11D1E054AC4006ACF19 /* Project object */;
			proxyType = 1;
			remoteGlobalIDString = A266A1251E054AC4006ACF19;
			remoteInfo = RubiParser;
		};
/* End PBXContainerItemProxy section */

/* Begin PBXFileReference section */
		A22E3FE91E056BCA00959FC7 /* EasyNews1Full.html */ = {isa = PBXFileReference; fileEncoding = 4; lastKnownFileType = text.html; path = EasyNews1Full.html; sourceTree = "<group>"; };
		A22E3FED1E066EDA00959FC7 /* RubiDocumentTestCase.swift */ = {isa = PBXFileReference; fileEncoding = 4; lastKnownFileType = sourcecode.swift; path = RubiDocumentTestCase.swift; sourceTree = "<group>"; };
		A22E3FEF1E066F2100959FC7 /* RubiParserTestCase.swift */ = {isa = PBXFileReference; fileEncoding = 4; lastKnownFileType = sourcecode.swift; path = RubiParserTestCase.swift; sourceTree = "<group>"; };
		A22E3FF11E0806C500959FC7 /* RubiParserExtensionTestCase.swift */ = {isa = PBXFileReference; fileEncoding = 4; lastKnownFileType = sourcecode.swift; path = RubiParserExtensionTestCase.swift; sourceTree = "<group>"; };
		A22E3FF31E0808EB00959FC7 /* RubiDocumentExtensionTestCase.swift */ = {isa = PBXFileReference; fileEncoding = 4; lastKnownFileType = sourcecode.swift; path = RubiDocumentExtensionTestCase.swift; sourceTree = "<group>"; };
		A22E3FF51E0810DA00959FC7 /* RubiDocument.swift */ = {isa = PBXFileReference; fileEncoding = 4; lastKnownFileType = sourcecode.swift; path = RubiDocument.swift; sourceTree = "<group>"; };
		A22E3FF71E0810F700959FC7 /* RubiNode.swift */ = {isa = PBXFileReference; fileEncoding = 4; lastKnownFileType = sourcecode.swift; path = RubiNode.swift; sourceTree = "<group>"; };
		A22E3FF91E08126600959FC7 /* RubiDocumentEquatableTestCase.swift */ = {isa = PBXFileReference; fileEncoding = 4; lastKnownFileType = sourcecode.swift; path = RubiDocumentEquatableTestCase.swift; sourceTree = "<group>"; };
		A22E3FFB1E0813DC00959FC7 /* RubiNodeEquatableTestCase.swift */ = {isa = PBXFileReference; fileEncoding = 4; lastKnownFileType = sourcecode.swift; path = RubiNodeEquatableTestCase.swift; sourceTree = "<group>"; };
		A25BDBE61E0849FF009EA638 /* RubiParser.framework */ = {isa = PBXFileReference; explicitFileType = wrapper.framework; includeInIndex = 0; path = RubiParser.framework; sourceTree = BUILT_PRODUCTS_DIR; };
		A25BDBEE1E0849FF009EA638 /* RubiParser macOS Tests.xctest */ = {isa = PBXFileReference; explicitFileType = wrapper.cfbundle; includeInIndex = 0; path = "RubiParser macOS Tests.xctest"; sourceTree = BUILT_PRODUCTS_DIR; };
		A25BDC101E084BA0009EA638 /* RubiParser.framework */ = {isa = PBXFileReference; explicitFileType = wrapper.framework; includeInIndex = 0; path = RubiParser.framework; sourceTree = BUILT_PRODUCTS_DIR; };
		A25BDC181E084BA0009EA638 /* RubiParser watchOS Tests.xctest */ = {isa = PBXFileReference; explicitFileType = wrapper.cfbundle; includeInIndex = 0; path = "RubiParser watchOS Tests.xctest"; sourceTree = BUILT_PRODUCTS_DIR; };
		A25BDC391E0A7BAB009EA638 /* RubiParser.framework */ = {isa = PBXFileReference; explicitFileType = wrapper.framework; includeInIndex = 0; path = RubiParser.framework; sourceTree = BUILT_PRODUCTS_DIR; };
		A25BDC411E0A7BAC009EA638 /* RubiParser tvOS Tests.xctest */ = {isa = PBXFileReference; explicitFileType = wrapper.cfbundle; includeInIndex = 0; path = "RubiParser tvOS Tests.xctest"; sourceTree = BUILT_PRODUCTS_DIR; };
		A266A1261E054AC4006ACF19 /* RubiParser.framework */ = {isa = PBXFileReference; explicitFileType = wrapper.framework; includeInIndex = 0; path = RubiParser.framework; sourceTree = BUILT_PRODUCTS_DIR; };
		A266A1291E054AC4006ACF19 /* RubiParser.h */ = {isa = PBXFileReference; lastKnownFileType = sourcecode.c.h; path = RubiParser.h; sourceTree = "<group>"; };
		A266A12A1E054AC4006ACF19 /* Info.plist */ = {isa = PBXFileReference; lastKnownFileType = text.plist.xml; path = Info.plist; sourceTree = "<group>"; };
		A266A12F1E054AC4006ACF19 /* RubiParser iOS Tests.xctest */ = {isa = PBXFileReference; explicitFileType = wrapper.cfbundle; includeInIndex = 0; path = "RubiParser iOS Tests.xctest"; sourceTree = BUILT_PRODUCTS_DIR; };
		A266A1361E054AC4006ACF19 /* Info.plist */ = {isa = PBXFileReference; lastKnownFileType = text.plist.xml; path = Info.plist; sourceTree = "<group>"; };
		A266A1401E054AE2006ACF19 /* RubiParser.swift */ = {isa = PBXFileReference; fileEncoding = 4; lastKnownFileType = sourcecode.swift; path = RubiParser.swift; sourceTree = "<group>"; };
		A266A1421E054B83006ACF19 /* EasyNews1.html */ = {isa = PBXFileReference; fileEncoding = 4; lastKnownFileType = text.html; path = EasyNews1.html; sourceTree = "<group>"; };
		A266A1461E0551C4006ACF19 /* NSScanner+Swift.swift */ = {isa = PBXFileReference; fileEncoding = 4; lastKnownFileType = sourcecode.swift; path = "NSScanner+Swift.swift"; sourceTree = "<group>"; };
		A266A1481E05599F006ACF19 /* XCTestCaseExtension.swift */ = {isa = PBXFileReference; fileEncoding = 4; lastKnownFileType = sourcecode.swift; path = XCTestCaseExtension.swift; sourceTree = "<group>"; };
		A2B0C8001E0A81E0002A5AE7 /* README.md */ = {isa = PBXFileReference; lastKnownFileType = net.daringfireball.markdown; path = README.md; sourceTree = "<group>"; };
		A2B0C8011E0A81E0002A5AE7 /* LICENSE */ = {isa = PBXFileReference; lastKnownFileType = text; path = LICENSE; sourceTree = "<group>"; };
		A2B0C8021E0A81EB002A5AE7 /* RubiParser.podspec */ = {isa = PBXFileReference; lastKnownFileType = text; path = RubiParser.podspec; sourceTree = "<group>"; };
/* End PBXFileReference section */

/* Begin PBXFrameworksBuildPhase section */
		A25BDBE21E0849FF009EA638 /* Frameworks */ = {
			isa = PBXFrameworksBuildPhase;
			buildActionMask = 2147483647;
			files = (
			);
			runOnlyForDeploymentPostprocessing = 0;
		};
		A25BDBEB1E0849FF009EA638 /* Frameworks */ = {
			isa = PBXFrameworksBuildPhase;
			buildActionMask = 2147483647;
			files = (
				A25BDBEF1E0849FF009EA638 /* RubiParser.framework in Frameworks */,
			);
			runOnlyForDeploymentPostprocessing = 0;
		};
		A25BDC0C1E084BA0009EA638 /* Frameworks */ = {
			isa = PBXFrameworksBuildPhase;
			buildActionMask = 2147483647;
			files = (
			);
			runOnlyForDeploymentPostprocessing = 0;
		};
		A25BDC151E084BA0009EA638 /* Frameworks */ = {
			isa = PBXFrameworksBuildPhase;
			buildActionMask = 2147483647;
			files = (
				A25BDC191E084BA0009EA638 /* RubiParser.framework in Frameworks */,
			);
			runOnlyForDeploymentPostprocessing = 0;
		};
		A25BDC351E0A7BAB009EA638 /* Frameworks */ = {
			isa = PBXFrameworksBuildPhase;
			buildActionMask = 2147483647;
			files = (
			);
			runOnlyForDeploymentPostprocessing = 0;
		};
		A25BDC3E1E0A7BAC009EA638 /* Frameworks */ = {
			isa = PBXFrameworksBuildPhase;
			buildActionMask = 2147483647;
			files = (
				A25BDC421E0A7BAC009EA638 /* RubiParser.framework in Frameworks */,
			);
			runOnlyForDeploymentPostprocessing = 0;
		};
		A266A1221E054AC4006ACF19 /* Frameworks */ = {
			isa = PBXFrameworksBuildPhase;
			buildActionMask = 2147483647;
			files = (
			);
			runOnlyForDeploymentPostprocessing = 0;
		};
		A266A12C1E054AC4006ACF19 /* Frameworks */ = {
			isa = PBXFrameworksBuildPhase;
			buildActionMask = 2147483647;
			files = (
				A266A1301E054AC4006ACF19 /* RubiParser.framework in Frameworks */,
			);
			runOnlyForDeploymentPostprocessing = 0;
		};
/* End PBXFrameworksBuildPhase section */

/* Begin PBXGroup section */
		A266A11C1E054AC4006ACF19 = {
			isa = PBXGroup;
			children = (
				A2B0C8011E0A81E0002A5AE7 /* LICENSE */,
				A2B0C8001E0A81E0002A5AE7 /* README.md */,
				A2B0C8021E0A81EB002A5AE7 /* RubiParser.podspec */,
				A266A1281E054AC4006ACF19 /* RubiParser */,
				A266A1331E054AC4006ACF19 /* RubiParserTests */,
				A266A1271E054AC4006ACF19 /* Products */,
			);
			sourceTree = "<group>";
		};
		A266A1271E054AC4006ACF19 /* Products */ = {
			isa = PBXGroup;
			children = (
				A266A1261E054AC4006ACF19 /* RubiParser.framework */,
				A266A12F1E054AC4006ACF19 /* RubiParser iOS Tests.xctest */,
				A25BDBE61E0849FF009EA638 /* RubiParser.framework */,
				A25BDBEE1E0849FF009EA638 /* RubiParser macOS Tests.xctest */,
				A25BDC101E084BA0009EA638 /* RubiParser.framework */,
				A25BDC181E084BA0009EA638 /* RubiParser watchOS Tests.xctest */,
				A25BDC391E0A7BAB009EA638 /* RubiParser.framework */,
				A25BDC411E0A7BAC009EA638 /* RubiParser tvOS Tests.xctest */,
			);
			name = Products;
			sourceTree = "<group>";
		};
		A266A1281E054AC4006ACF19 /* RubiParser */ = {
			isa = PBXGroup;
			children = (
				A266A12A1E054AC4006ACF19 /* Info.plist */,
				A266A1461E0551C4006ACF19 /* NSScanner+Swift.swift */,
				A22E3FF51E0810DA00959FC7 /* RubiDocument.swift */,
				A22E3FF71E0810F700959FC7 /* RubiNode.swift */,
				A266A1291E054AC4006ACF19 /* RubiParser.h */,
				A266A1401E054AE2006ACF19 /* RubiParser.swift */,
			);
			path = RubiParser;
			sourceTree = "<group>";
		};
		A266A1331E054AC4006ACF19 /* RubiParserTests */ = {
			isa = PBXGroup;
			children = (
				A266A1421E054B83006ACF19 /* EasyNews1.html */,
				A22E3FE91E056BCA00959FC7 /* EasyNews1Full.html */,
				A266A1361E054AC4006ACF19 /* Info.plist */,
				A22E3FF91E08126600959FC7 /* RubiDocumentEquatableTestCase.swift */,
				A22E3FF31E0808EB00959FC7 /* RubiDocumentExtensionTestCase.swift */,
				A22E3FED1E066EDA00959FC7 /* RubiDocumentTestCase.swift */,
				A22E3FFB1E0813DC00959FC7 /* RubiNodeEquatableTestCase.swift */,
				A22E3FF11E0806C500959FC7 /* RubiParserExtensionTestCase.swift */,
				A22E3FEF1E066F2100959FC7 /* RubiParserTestCase.swift */,
				A266A1481E05599F006ACF19 /* XCTestCaseExtension.swift */,
			);
			path = RubiParserTests;
			sourceTree = "<group>";
		};
/* End PBXGroup section */

/* Begin PBXHeadersBuildPhase section */
		A25BDBE31E0849FF009EA638 /* Headers */ = {
			isa = PBXHeadersBuildPhase;
			buildActionMask = 2147483647;
			files = (
				A25BDC001E084A85009EA638 /* RubiParser.h in Headers */,
			);
			runOnlyForDeploymentPostprocessing = 0;
		};
		A25BDC0D1E084BA0009EA638 /* Headers */ = {
			isa = PBXHeadersBuildPhase;
			buildActionMask = 2147483647;
			files = (
			);
			runOnlyForDeploymentPostprocessing = 0;
		};
		A25BDC361E0A7BAB009EA638 /* Headers */ = {
			isa = PBXHeadersBuildPhase;
			buildActionMask = 2147483647;
			files = (
			);
			runOnlyForDeploymentPostprocessing = 0;
		};
		A266A1231E054AC4006ACF19 /* Headers */ = {
			isa = PBXHeadersBuildPhase;
			buildActionMask = 2147483647;
			files = (
				A266A1371E054AC4006ACF19 /* RubiParser.h in Headers */,
			);
			runOnlyForDeploymentPostprocessing = 0;
		};
/* End PBXHeadersBuildPhase section */

/* Begin PBXNativeTarget section */
		A25BDBE51E0849FF009EA638 /* RubiParser macOS */ = {
			isa = PBXNativeTarget;
			buildConfigurationList = A25BDBF71E0849FF009EA638 /* Build configuration list for PBXNativeTarget "RubiParser macOS" */;
			buildPhases = (
				A25BDBE11E0849FF009EA638 /* Sources */,
				A25BDBE21E0849FF009EA638 /* Frameworks */,
				A25BDBE31E0849FF009EA638 /* Headers */,
				A25BDBE41E0849FF009EA638 /* Resources */,
			);
			buildRules = (
			);
			dependencies = (
			);
			name = "RubiParser macOS";
			productName = RubiParser;
			productReference = A25BDBE61E0849FF009EA638 /* RubiParser.framework */;
			productType = "com.apple.product-type.framework";
		};
		A25BDBED1E0849FF009EA638 /* RubiParser macOS Tests */ = {
			isa = PBXNativeTarget;
			buildConfigurationList = A25BDBFA1E0849FF009EA638 /* Build configuration list for PBXNativeTarget "RubiParser macOS Tests" */;
			buildPhases = (
				A25BDBEA1E0849FF009EA638 /* Sources */,
				A25BDBEB1E0849FF009EA638 /* Frameworks */,
				A25BDBEC1E0849FF009EA638 /* Resources */,
			);
			buildRules = (
			);
			dependencies = (
				A25BDBF11E0849FF009EA638 /* PBXTargetDependency */,
			);
			name = "RubiParser macOS Tests";
			productName = RubiParserTests;
			productReference = A25BDBEE1E0849FF009EA638 /* RubiParser macOS Tests.xctest */;
			productType = "com.apple.product-type.bundle.unit-test";
		};
		A25BDC0F1E084BA0009EA638 /* RubiParser watchOS */ = {
			isa = PBXNativeTarget;
			buildConfigurationList = A25BDC211E084BA0009EA638 /* Build configuration list for PBXNativeTarget "RubiParser watchOS" */;
			buildPhases = (
				A25BDC0B1E084BA0009EA638 /* Sources */,
				A25BDC0C1E084BA0009EA638 /* Frameworks */,
				A25BDC0D1E084BA0009EA638 /* Headers */,
				A25BDC0E1E084BA0009EA638 /* Resources */,
			);
			buildRules = (
			);
			dependencies = (
			);
			name = "RubiParser watchOS";
			productName = RubiParser;
			productReference = A25BDC101E084BA0009EA638 /* RubiParser.framework */;
			productType = "com.apple.product-type.framework";
		};
		A25BDC171E084BA0009EA638 /* RubiParser watchOS Tests */ = {
			isa = PBXNativeTarget;
			buildConfigurationList = A25BDC241E084BA0009EA638 /* Build configuration list for PBXNativeTarget "RubiParser watchOS Tests" */;
			buildPhases = (
				A25BDC141E084BA0009EA638 /* Sources */,
				A25BDC151E084BA0009EA638 /* Frameworks */,
				A25BDC161E084BA0009EA638 /* Resources */,
			);
			buildRules = (
			);
			dependencies = (
				A25BDC1B1E084BA0009EA638 /* PBXTargetDependency */,
			);
			name = "RubiParser watchOS Tests";
			productName = RubiParserTests;
			productReference = A25BDC181E084BA0009EA638 /* RubiParser watchOS Tests.xctest */;
			productType = "com.apple.product-type.bundle.unit-test";
		};
		A25BDC381E0A7BAB009EA638 /* RubiParser tvOS */ = {
			isa = PBXNativeTarget;
			buildConfigurationList = A25BDC4A1E0A7BAC009EA638 /* Build configuration list for PBXNativeTarget "RubiParser tvOS" */;
			buildPhases = (
				A25BDC341E0A7BAB009EA638 /* Sources */,
				A25BDC351E0A7BAB009EA638 /* Frameworks */,
				A25BDC361E0A7BAB009EA638 /* Headers */,
				A25BDC371E0A7BAB009EA638 /* Resources */,
			);
			buildRules = (
			);
			dependencies = (
			);
			name = "RubiParser tvOS";
			productName = RubiParser;
			productReference = A25BDC391E0A7BAB009EA638 /* RubiParser.framework */;
			productType = "com.apple.product-type.framework";
		};
		A25BDC401E0A7BAC009EA638 /* RubiParser tvOS Tests */ = {
			isa = PBXNativeTarget;
			buildConfigurationList = A25BDC4D1E0A7BAC009EA638 /* Build configuration list for PBXNativeTarget "RubiParser tvOS Tests" */;
			buildPhases = (
				A25BDC3D1E0A7BAC009EA638 /* Sources */,
				A25BDC3E1E0A7BAC009EA638 /* Frameworks */,
				A25BDC3F1E0A7BAC009EA638 /* Resources */,
			);
			buildRules = (
			);
			dependencies = (
				A25BDC441E0A7BAC009EA638 /* PBXTargetDependency */,
			);
			name = "RubiParser tvOS Tests";
			productName = RubiParserTests;
			productReference = A25BDC411E0A7BAC009EA638 /* RubiParser tvOS Tests.xctest */;
			productType = "com.apple.product-type.bundle.unit-test";
		};
		A266A1251E054AC4006ACF19 /* RubiParser iOS */ = {
			isa = PBXNativeTarget;
			buildConfigurationList = A266A13A1E054AC4006ACF19 /* Build configuration list for PBXNativeTarget "RubiParser iOS" */;
			buildPhases = (
				A266A1211E054AC4006ACF19 /* Sources */,
				A266A1221E054AC4006ACF19 /* Frameworks */,
				A266A1231E054AC4006ACF19 /* Headers */,
				A266A1241E054AC4006ACF19 /* Resources */,
			);
			buildRules = (
			);
			dependencies = (
			);
			name = "RubiParser iOS";
			productName = RubiParser;
			productReference = A266A1261E054AC4006ACF19 /* RubiParser.framework */;
			productType = "com.apple.product-type.framework";
		};
		A266A12E1E054AC4006ACF19 /* RubiParser iOS Tests */ = {
			isa = PBXNativeTarget;
			buildConfigurationList = A266A13D1E054AC4006ACF19 /* Build configuration list for PBXNativeTarget "RubiParser iOS Tests" */;
			buildPhases = (
				A266A12B1E054AC4006ACF19 /* Sources */,
				A266A12C1E054AC4006ACF19 /* Frameworks */,
				A266A12D1E054AC4006ACF19 /* Resources */,
			);
			buildRules = (
			);
			dependencies = (
				A266A1321E054AC4006ACF19 /* PBXTargetDependency */,
			);
			name = "RubiParser iOS Tests";
			productName = RubiParserTests;
			productReference = A266A12F1E054AC4006ACF19 /* RubiParser iOS Tests.xctest */;
			productType = "com.apple.product-type.bundle.unit-test";
		};
/* End PBXNativeTarget section */

/* Begin PBXProject section */
		A266A11D1E054AC4006ACF19 /* Project object */ = {
			isa = PBXProject;
			attributes = {
				LastSwiftUpdateCheck = 0820;
				LastUpgradeCheck = 0820;
				ORGANIZATIONNAME = "Empyreal Night, LLC";
				TargetAttributes = {
					A25BDBE51E0849FF009EA638 = {
						CreatedOnToolsVersion = 8.2;
						DevelopmentTeam = 9JMJN53AU2;
						ProvisioningStyle = Automatic;
					};
					A25BDBED1E0849FF009EA638 = {
						CreatedOnToolsVersion = 8.2;
						DevelopmentTeam = 9JMJN53AU2;
						ProvisioningStyle = Automatic;
					};
					A25BDC0F1E084BA0009EA638 = {
						CreatedOnToolsVersion = 8.2;
						DevelopmentTeam = 9JMJN53AU2;
						ProvisioningStyle = Automatic;
					};
					A25BDC171E084BA0009EA638 = {
						CreatedOnToolsVersion = 8.2;
						DevelopmentTeam = 9JMJN53AU2;
						ProvisioningStyle = Automatic;
					};
					A25BDC381E0A7BAB009EA638 = {
						CreatedOnToolsVersion = 8.2;
						DevelopmentTeam = 9JMJN53AU2;
						ProvisioningStyle = Automatic;
					};
					A25BDC401E0A7BAC009EA638 = {
						CreatedOnToolsVersion = 8.2;
						DevelopmentTeam = 9JMJN53AU2;
						ProvisioningStyle = Automatic;
					};
					A266A1251E054AC4006ACF19 = {
						CreatedOnToolsVersion = 8.2;
						DevelopmentTeam = 9JMJN53AU2;
						LastSwiftMigration = 0820;
						ProvisioningStyle = Automatic;
					};
					A266A12E1E054AC4006ACF19 = {
						CreatedOnToolsVersion = 8.2;
						DevelopmentTeam = 9JMJN53AU2;
						ProvisioningStyle = Automatic;
					};
				};
			};
			buildConfigurationList = A266A1201E054AC4006ACF19 /* Build configuration list for PBXProject "RubiParser" */;
			compatibilityVersion = "Xcode 3.2";
			developmentRegion = English;
			hasScannedForEncodings = 0;
			knownRegions = (
				en,
			);
			mainGroup = A266A11C1E054AC4006ACF19;
			productRefGroup = A266A1271E054AC4006ACF19 /* Products */;
			projectDirPath = "";
			projectRoot = "";
			targets = (
				A266A1251E054AC4006ACF19 /* RubiParser iOS */,
				A266A12E1E054AC4006ACF19 /* RubiParser iOS Tests */,
				A25BDBE51E0849FF009EA638 /* RubiParser macOS */,
				A25BDBED1E0849FF009EA638 /* RubiParser macOS Tests */,
				A25BDC0F1E084BA0009EA638 /* RubiParser watchOS */,
				A25BDC171E084BA0009EA638 /* RubiParser watchOS Tests */,
				A25BDC381E0A7BAB009EA638 /* RubiParser tvOS */,
				A25BDC401E0A7BAC009EA638 /* RubiParser tvOS Tests */,
			);
		};
/* End PBXProject section */

/* Begin PBXResourcesBuildPhase section */
		A25BDBE41E0849FF009EA638 /* Resources */ = {
			isa = PBXResourcesBuildPhase;
			buildActionMask = 2147483647;
			files = (
			);
			runOnlyForDeploymentPostprocessing = 0;
		};
		A25BDBEC1E0849FF009EA638 /* Resources */ = {
			isa = PBXResourcesBuildPhase;
			buildActionMask = 2147483647;
			files = (
				A25BDC031E084A9B009EA638 /* EasyNews1Full.html in Resources */,
				A25BDC021E084A9B009EA638 /* EasyNews1.html in Resources */,
			);
			runOnlyForDeploymentPostprocessing = 0;
		};
		A25BDC0E1E084BA0009EA638 /* Resources */ = {
			isa = PBXResourcesBuildPhase;
			buildActionMask = 2147483647;
			files = (
			);
			runOnlyForDeploymentPostprocessing = 0;
		};
		A25BDC161E084BA0009EA638 /* Resources */ = {
			isa = PBXResourcesBuildPhase;
			buildActionMask = 2147483647;
			files = (
				A25BDC2C1E084BF6009EA638 /* EasyNews1Full.html in Resources */,
				A25BDC2B1E084BF6009EA638 /* EasyNews1.html in Resources */,
			);
			runOnlyForDeploymentPostprocessing = 0;
		};
		A25BDC371E0A7BAB009EA638 /* Resources */ = {
			isa = PBXResourcesBuildPhase;
			buildActionMask = 2147483647;
			files = (
			);
			runOnlyForDeploymentPostprocessing = 0;
		};
		A25BDC3F1E0A7BAC009EA638 /* Resources */ = {
			isa = PBXResourcesBuildPhase;
			buildActionMask = 2147483647;
			files = (
				A25BDC551E0A7C29009EA638 /* EasyNews1Full.html in Resources */,
				A25BDC541E0A7C29009EA638 /* EasyNews1.html in Resources */,
			);
			runOnlyForDeploymentPostprocessing = 0;
		};
		A266A1241E054AC4006ACF19 /* Resources */ = {
			isa = PBXResourcesBuildPhase;
			buildActionMask = 2147483647;
			files = (
			);
			runOnlyForDeploymentPostprocessing = 0;
		};
		A266A12D1E054AC4006ACF19 /* Resources */ = {
			isa = PBXResourcesBuildPhase;
			buildActionMask = 2147483647;
			files = (
				A22E3FEA1E056BCA00959FC7 /* EasyNews1Full.html in Resources */,
				A266A1431E054B83006ACF19 /* EasyNews1.html in Resources */,
			);
			runOnlyForDeploymentPostprocessing = 0;
		};
/* End PBXResourcesBuildPhase section */

/* Begin PBXSourcesBuildPhase section */
		A25BDBE11E0849FF009EA638 /* Sources */ = {
			isa = PBXSourcesBuildPhase;
			buildActionMask = 2147483647;
			files = (
				A25BDBFF1E084A85009EA638 /* RubiNode.swift in Sources */,
				A25BDBFE1E084A85009EA638 /* RubiDocument.swift in Sources */,
				A25BDC011E084A85009EA638 /* RubiParser.swift in Sources */,
				A25BDBFD1E084A85009EA638 /* NSScanner+Swift.swift in Sources */,
			);
			runOnlyForDeploymentPostprocessing = 0;
		};
		A25BDBEA1E0849FF009EA638 /* Sources */ = {
			isa = PBXSourcesBuildPhase;
			buildActionMask = 2147483647;
			files = (
				A25BDC051E084A9B009EA638 /* RubiDocumentExtensionTestCase.swift in Sources */,
				A25BDC041E084A9B009EA638 /* RubiDocumentEquatableTestCase.swift in Sources */,
				A25BDC091E084A9B009EA638 /* RubiParserTestCase.swift in Sources */,
				A25BDC071E084A9B009EA638 /* RubiNodeEquatableTestCase.swift in Sources */,
				A25BDC061E084A9B009EA638 /* RubiDocumentTestCase.swift in Sources */,
				A25BDC0A1E084A9B009EA638 /* XCTestCaseExtension.swift in Sources */,
				A25BDC081E084A9B009EA638 /* RubiParserExtensionTestCase.swift in Sources */,
			);
			runOnlyForDeploymentPostprocessing = 0;
		};
		A25BDC0B1E084BA0009EA638 /* Sources */ = {
			isa = PBXSourcesBuildPhase;
			buildActionMask = 2147483647;
			files = (
				A25BDC291E084BDA009EA638 /* RubiNode.swift in Sources */,
				A25BDC281E084BDA009EA638 /* RubiDocument.swift in Sources */,
				A25BDC2A1E084BDA009EA638 /* RubiParser.swift in Sources */,
				A25BDC271E084BDA009EA638 /* NSScanner+Swift.swift in Sources */,
			);
			runOnlyForDeploymentPostprocessing = 0;
		};
		A25BDC141E084BA0009EA638 /* Sources */ = {
			isa = PBXSourcesBuildPhase;
			buildActionMask = 2147483647;
			files = (
				A25BDC331E084BF6009EA638 /* XCTestCaseExtension.swift in Sources */,
				A25BDC321E084BF6009EA638 /* RubiParserTestCase.swift in Sources */,
				A25BDC2D1E084BF6009EA638 /* RubiDocumentEquatableTestCase.swift in Sources */,
				A25BDC2F1E084BF6009EA638 /* RubiDocumentTestCase.swift in Sources */,
				A25BDC2E1E084BF6009EA638 /* RubiDocumentExtensionTestCase.swift in Sources */,
				A25BDC311E084BF6009EA638 /* RubiParserExtensionTestCase.swift in Sources */,
				A25BDC301E084BF6009EA638 /* RubiNodeEquatableTestCase.swift in Sources */,
			);
			runOnlyForDeploymentPostprocessing = 0;
		};
		A25BDC341E0A7BAB009EA638 /* Sources */ = {
			isa = PBXSourcesBuildPhase;
			buildActionMask = 2147483647;
			files = (
				A25BDC521E0A7C21009EA638 /* RubiNode.swift in Sources */,
				A25BDC511E0A7C21009EA638 /* RubiDocument.swift in Sources */,
				A25BDC531E0A7C24009EA638 /* RubiParser.swift in Sources */,
				A25BDC501E0A7C21009EA638 /* NSScanner+Swift.swift in Sources */,
			);
			runOnlyForDeploymentPostprocessing = 0;
		};
		A25BDC3D1E0A7BAC009EA638 /* Sources */ = {
			isa = PBXSourcesBuildPhase;
			buildActionMask = 2147483647;
			files = (
				A25BDC571E0A7C2E009EA638 /* RubiDocumentExtensionTestCase.swift in Sources */,
				A25BDC561E0A7C2E009EA638 /* RubiDocumentEquatableTestCase.swift in Sources */,
				A25BDC5B1E0A7C2E009EA638 /* RubiParserTestCase.swift in Sources */,
				A25BDC591E0A7C2E009EA638 /* RubiNodeEquatableTestCase.swift in Sources */,
				A25BDC581E0A7C2E009EA638 /* RubiDocumentTestCase.swift in Sources */,
				A25BDC5C1E0A7C2E009EA638 /* XCTestCaseExtension.swift in Sources */,
				A25BDC5A1E0A7C2E009EA638 /* RubiParserExtensionTestCase.swift in Sources */,
			);
			runOnlyForDeploymentPostprocessing = 0;
		};
		A266A1211E054AC4006ACF19 /* Sources */ = {
			isa = PBXSourcesBuildPhase;
			buildActionMask = 2147483647;
			files = (
				A22E3FF81E0810F700959FC7 /* RubiNode.swift in Sources */,
				A266A1411E054AE2006ACF19 /* RubiParser.swift in Sources */,
				A22E3FF61E0810DA00959FC7 /* RubiDocument.swift in Sources */,
				A266A1471E0551C4006ACF19 /* NSScanner+Swift.swift in Sources */,
			);
			runOnlyForDeploymentPostprocessing = 0;
		};
		A266A12B1E054AC4006ACF19 /* Sources */ = {
			isa = PBXSourcesBuildPhase;
			buildActionMask = 2147483647;
			files = (
				A266A1491E05599F006ACF19 /* XCTestCaseExtension.swift in Sources */,
				A22E3FFC1E0813DC00959FC7 /* RubiNodeEquatableTestCase.swift in Sources */,
				A22E3FF41E0808EB00959FC7 /* RubiDocumentExtensionTestCase.swift in Sources */,
				A22E3FF01E066F2100959FC7 /* RubiParserTestCase.swift in Sources */,
				A22E3FEE1E066EDA00959FC7 /* RubiDocumentTestCase.swift in Sources */,
				A22E3FF21E0806C500959FC7 /* RubiParserExtensionTestCase.swift in Sources */,
				A22E3FFA1E08126600959FC7 /* RubiDocumentEquatableTestCase.swift in Sources */,
			);
			runOnlyForDeploymentPostprocessing = 0;
		};
/* End PBXSourcesBuildPhase section */

/* Begin PBXTargetDependency section */
		A25BDBF11E0849FF009EA638 /* PBXTargetDependency */ = {
			isa = PBXTargetDependency;
			target = A25BDBE51E0849FF009EA638 /* RubiParser macOS */;
			targetProxy = A25BDBF01E0849FF009EA638 /* PBXContainerItemProxy */;
		};
		A25BDC1B1E084BA0009EA638 /* PBXTargetDependency */ = {
			isa = PBXTargetDependency;
			target = A25BDC0F1E084BA0009EA638 /* RubiParser watchOS */;
			targetProxy = A25BDC1A1E084BA0009EA638 /* PBXContainerItemProxy */;
		};
		A25BDC441E0A7BAC009EA638 /* PBXTargetDependency */ = {
			isa = PBXTargetDependency;
			target = A25BDC381E0A7BAB009EA638 /* RubiParser tvOS */;
			targetProxy = A25BDC431E0A7BAC009EA638 /* PBXContainerItemProxy */;
		};
		A266A1321E054AC4006ACF19 /* PBXTargetDependency */ = {
			isa = PBXTargetDependency;
			target = A266A1251E054AC4006ACF19 /* RubiParser iOS */;
			targetProxy = A266A1311E054AC4006ACF19 /* PBXContainerItemProxy */;
		};
/* End PBXTargetDependency section */

/* Begin XCBuildConfiguration section */
		A25BDBF81E0849FF009EA638 /* Debug */ = {
			isa = XCBuildConfiguration;
			buildSettings = {
				CODE_SIGN_IDENTITY = "-";
				COMBINE_HIDPI_IMAGES = YES;
				DEFINES_MODULE = YES;
				DEVELOPMENT_TEAM = 9JMJN53AU2;
				DYLIB_COMPATIBILITY_VERSION = 1;
				DYLIB_CURRENT_VERSION = 1;
				DYLIB_INSTALL_NAME_BASE = "@rpath";
				FRAMEWORK_VERSION = A;
				INFOPLIST_FILE = RubiParser/Info.plist;
				INSTALL_PATH = "$(LOCAL_LIBRARY_DIR)/Frameworks";
				LD_RUNPATH_SEARCH_PATHS = "$(inherited) @executable_path/../Frameworks @loader_path/Frameworks";
				MACOSX_DEPLOYMENT_TARGET = 10.10;
				PRODUCT_BUNDLE_IDENTIFIER = com.empyrealnight.RubiParser;
				PRODUCT_NAME = RubiParser;
				SDKROOT = macosx;
				SKIP_INSTALL = YES;
				SWIFT_VERSION = 3.0;
			};
			name = Debug;
		};
		A25BDBF91E0849FF009EA638 /* Release */ = {
			isa = XCBuildConfiguration;
			buildSettings = {
				CODE_SIGN_IDENTITY = "-";
				COMBINE_HIDPI_IMAGES = YES;
				DEFINES_MODULE = YES;
				DEVELOPMENT_TEAM = 9JMJN53AU2;
				DYLIB_COMPATIBILITY_VERSION = 1;
				DYLIB_CURRENT_VERSION = 1;
				DYLIB_INSTALL_NAME_BASE = "@rpath";
				FRAMEWORK_VERSION = A;
				INFOPLIST_FILE = RubiParser/Info.plist;
				INSTALL_PATH = "$(LOCAL_LIBRARY_DIR)/Frameworks";
				LD_RUNPATH_SEARCH_PATHS = "$(inherited) @executable_path/../Frameworks @loader_path/Frameworks";
				MACOSX_DEPLOYMENT_TARGET = 10.10;
				PRODUCT_BUNDLE_IDENTIFIER = com.empyrealnight.RubiParser;
				PRODUCT_NAME = RubiParser;
				SDKROOT = macosx;
				SKIP_INSTALL = YES;
				SWIFT_VERSION = 3.0;
			};
			name = Release;
		};
		A25BDBFB1E0849FF009EA638 /* Debug */ = {
			isa = XCBuildConfiguration;
			buildSettings = {
				ALWAYS_EMBED_SWIFT_STANDARD_LIBRARIES = YES;
				CODE_SIGN_IDENTITY = "-";
				COMBINE_HIDPI_IMAGES = YES;
				DEVELOPMENT_TEAM = 9JMJN53AU2;
				INFOPLIST_FILE = RubiParserTests/Info.plist;
				LD_RUNPATH_SEARCH_PATHS = "$(inherited) @executable_path/../Frameworks @loader_path/../Frameworks";
				MACOSX_DEPLOYMENT_TARGET = 10.12;
				PRODUCT_BUNDLE_IDENTIFIER = com.empyrealnight.RubiParserTests;
				PRODUCT_NAME = "$(TARGET_NAME)";
				SDKROOT = macosx;
				SWIFT_VERSION = 3.0;
			};
			name = Debug;
		};
		A25BDBFC1E0849FF009EA638 /* Release */ = {
			isa = XCBuildConfiguration;
			buildSettings = {
				ALWAYS_EMBED_SWIFT_STANDARD_LIBRARIES = YES;
				CODE_SIGN_IDENTITY = "-";
				COMBINE_HIDPI_IMAGES = YES;
				DEVELOPMENT_TEAM = 9JMJN53AU2;
				INFOPLIST_FILE = RubiParserTests/Info.plist;
				LD_RUNPATH_SEARCH_PATHS = "$(inherited) @executable_path/../Frameworks @loader_path/../Frameworks";
				MACOSX_DEPLOYMENT_TARGET = 10.12;
				PRODUCT_BUNDLE_IDENTIFIER = com.empyrealnight.RubiParserTests;
				PRODUCT_NAME = "$(TARGET_NAME)";
				SDKROOT = macosx;
				SWIFT_VERSION = 3.0;
			};
			name = Release;
		};
		A25BDC221E084BA0009EA638 /* Debug */ = {
			isa = XCBuildConfiguration;
			buildSettings = {
				CODE_SIGN_IDENTITY = "";
				DEFINES_MODULE = YES;
				DEVELOPMENT_TEAM = 9JMJN53AU2;
				DYLIB_COMPATIBILITY_VERSION = 1;
				DYLIB_CURRENT_VERSION = 1;
				DYLIB_INSTALL_NAME_BASE = "@rpath";
				INFOPLIST_FILE = RubiParser/Info.plist;
				INSTALL_PATH = "$(LOCAL_LIBRARY_DIR)/Frameworks";
				LD_RUNPATH_SEARCH_PATHS = "$(inherited) @executable_path/Frameworks @loader_path/Frameworks";
				PRODUCT_BUNDLE_IDENTIFIER = com.empyrealnight.RubiParser;
				PRODUCT_NAME = RubiParser;
				SKIP_INSTALL = YES;
				SWIFT_VERSION = 3.0;
			};
			name = Debug;
		};
		A25BDC231E084BA0009EA638 /* Release */ = {
			isa = XCBuildConfiguration;
			buildSettings = {
				CODE_SIGN_IDENTITY = "";
				DEFINES_MODULE = YES;
				DEVELOPMENT_TEAM = 9JMJN53AU2;
				DYLIB_COMPATIBILITY_VERSION = 1;
				DYLIB_CURRENT_VERSION = 1;
				DYLIB_INSTALL_NAME_BASE = "@rpath";
				INFOPLIST_FILE = RubiParser/Info.plist;
				INSTALL_PATH = "$(LOCAL_LIBRARY_DIR)/Frameworks";
				LD_RUNPATH_SEARCH_PATHS = "$(inherited) @executable_path/Frameworks @loader_path/Frameworks";
				PRODUCT_BUNDLE_IDENTIFIER = com.empyrealnight.RubiParser;
				PRODUCT_NAME = RubiParser;
				SKIP_INSTALL = YES;
				SWIFT_VERSION = 3.0;
			};
			name = Release;
		};
		A25BDC251E084BA0009EA638 /* Debug */ = {
			isa = XCBuildConfiguration;
			buildSettings = {
				ALWAYS_EMBED_SWIFT_STANDARD_LIBRARIES = YES;
				DEVELOPMENT_TEAM = 9JMJN53AU2;
				INFOPLIST_FILE = RubiParserTests/Info.plist;
				LD_RUNPATH_SEARCH_PATHS = "$(inherited) @executable_path/Frameworks @loader_path/Frameworks";
				PRODUCT_BUNDLE_IDENTIFIER = com.empyrealnight.RubiParserTests;
				PRODUCT_NAME = "$(TARGET_NAME)";
				SWIFT_VERSION = 3.0;
			};
			name = Debug;
		};
		A25BDC261E084BA0009EA638 /* Release */ = {
			isa = XCBuildConfiguration;
			buildSettings = {
				ALWAYS_EMBED_SWIFT_STANDARD_LIBRARIES = YES;
				DEVELOPMENT_TEAM = 9JMJN53AU2;
				INFOPLIST_FILE = RubiParserTests/Info.plist;
				LD_RUNPATH_SEARCH_PATHS = "$(inherited) @executable_path/Frameworks @loader_path/Frameworks";
				PRODUCT_BUNDLE_IDENTIFIER = com.empyrealnight.RubiParserTests;
				PRODUCT_NAME = "$(TARGET_NAME)";
				SWIFT_VERSION = 3.0;
			};
			name = Release;
		};
		A25BDC4B1E0A7BAC009EA638 /* Debug */ = {
			isa = XCBuildConfiguration;
			buildSettings = {
				CODE_SIGN_IDENTITY = "";
				DEFINES_MODULE = YES;
				DEVELOPMENT_TEAM = 9JMJN53AU2;
				DYLIB_COMPATIBILITY_VERSION = 1;
				DYLIB_CURRENT_VERSION = 1;
				DYLIB_INSTALL_NAME_BASE = "@rpath";
				INFOPLIST_FILE = RubiParser/Info.plist;
				INSTALL_PATH = "$(LOCAL_LIBRARY_DIR)/Frameworks";
				LD_RUNPATH_SEARCH_PATHS = "$(inherited) @executable_path/Frameworks @loader_path/Frameworks";
				PRODUCT_BUNDLE_IDENTIFIER = com.empyrealnight.RubiParser;
				PRODUCT_NAME = RubiParser;
				SDKROOT = appletvos;
				SKIP_INSTALL = YES;
				SWIFT_VERSION = 3.0;
				TARGETED_DEVICE_FAMILY = 3;
				TVOS_DEPLOYMENT_TARGET = 10.1;
			};
			name = Debug;
		};
		A25BDC4C1E0A7BAC009EA638 /* Release */ = {
			isa = XCBuildConfiguration;
			buildSettings = {
				CODE_SIGN_IDENTITY = "";
				DEFINES_MODULE = YES;
				DEVELOPMENT_TEAM = 9JMJN53AU2;
				DYLIB_COMPATIBILITY_VERSION = 1;
				DYLIB_CURRENT_VERSION = 1;
				DYLIB_INSTALL_NAME_BASE = "@rpath";
				INFOPLIST_FILE = RubiParser/Info.plist;
				INSTALL_PATH = "$(LOCAL_LIBRARY_DIR)/Frameworks";
				LD_RUNPATH_SEARCH_PATHS = "$(inherited) @executable_path/Frameworks @loader_path/Frameworks";
				PRODUCT_BUNDLE_IDENTIFIER = com.empyrealnight.RubiParser;
				PRODUCT_NAME = RubiParser;
				SDKROOT = appletvos;
				SKIP_INSTALL = YES;
				SWIFT_VERSION = 3.0;
				TARGETED_DEVICE_FAMILY = 3;
				TVOS_DEPLOYMENT_TARGET = 10.1;
			};
			name = Release;
		};
		A25BDC4E1E0A7BAC009EA638 /* Debug */ = {
			isa = XCBuildConfiguration;
			buildSettings = {
				ALWAYS_EMBED_SWIFT_STANDARD_LIBRARIES = YES;
				DEVELOPMENT_TEAM = 9JMJN53AU2;
				INFOPLIST_FILE = RubiParserTests/Info.plist;
				LD_RUNPATH_SEARCH_PATHS = "$(inherited) @executable_path/Frameworks @loader_path/Frameworks";
				PRODUCT_BUNDLE_IDENTIFIER = com.empyrealnight.RubiParserTests;
				PRODUCT_NAME = "$(TARGET_NAME)";
				SDKROOT = appletvos;
				SWIFT_VERSION = 3.0;
				TVOS_DEPLOYMENT_TARGET = 10.1;
			};
			name = Debug;
		};
		A25BDC4F1E0A7BAC009EA638 /* Release */ = {
			isa = XCBuildConfiguration;
			buildSettings = {
				ALWAYS_EMBED_SWIFT_STANDARD_LIBRARIES = YES;
				DEVELOPMENT_TEAM = 9JMJN53AU2;
				INFOPLIST_FILE = RubiParserTests/Info.plist;
				LD_RUNPATH_SEARCH_PATHS = "$(inherited) @executable_path/Frameworks @loader_path/Frameworks";
				PRODUCT_BUNDLE_IDENTIFIER = com.empyrealnight.RubiParserTests;
				PRODUCT_NAME = "$(TARGET_NAME)";
				SDKROOT = appletvos;
				SWIFT_VERSION = 3.0;
				TVOS_DEPLOYMENT_TARGET = 10.1;
			};
			name = Release;
		};
		A266A1381E054AC4006ACF19 /* Debug */ = {
			isa = XCBuildConfiguration;
			buildSettings = {
				ALWAYS_SEARCH_USER_PATHS = NO;
				CLANG_ANALYZER_NONNULL = YES;
				CLANG_CXX_LANGUAGE_STANDARD = "gnu++0x";
				CLANG_CXX_LIBRARY = "libc++";
				CLANG_ENABLE_MODULES = YES;
				CLANG_ENABLE_OBJC_ARC = YES;
				CLANG_WARN_BOOL_CONVERSION = YES;
				CLANG_WARN_CONSTANT_CONVERSION = YES;
				CLANG_WARN_DIRECT_OBJC_ISA_USAGE = YES_ERROR;
				CLANG_WARN_DOCUMENTATION_COMMENTS = YES;
				CLANG_WARN_EMPTY_BODY = YES;
				CLANG_WARN_ENUM_CONVERSION = YES;
				CLANG_WARN_INFINITE_RECURSION = YES;
				CLANG_WARN_INT_CONVERSION = YES;
				CLANG_WARN_OBJC_ROOT_CLASS = YES_ERROR;
				CLANG_WARN_SUSPICIOUS_MOVE = YES;
				CLANG_WARN_UNREACHABLE_CODE = YES;
				CLANG_WARN__DUPLICATE_METHOD_MATCH = YES;
				"CODE_SIGN_IDENTITY[sdk=iphoneos*]" = "iPhone Developer";
				COPY_PHASE_STRIP = NO;
				CURRENT_PROJECT_VERSION = 1;
				DEBUG_INFORMATION_FORMAT = dwarf;
				ENABLE_STRICT_OBJC_MSGSEND = YES;
				ENABLE_TESTABILITY = YES;
				GCC_C_LANGUAGE_STANDARD = gnu99;
				GCC_DYNAMIC_NO_PIC = NO;
				GCC_NO_COMMON_BLOCKS = YES;
				GCC_OPTIMIZATION_LEVEL = 0;
				GCC_PREPROCESSOR_DEFINITIONS = (
					"DEBUG=1",
					"$(inherited)",
				);
				GCC_WARN_64_TO_32_BIT_CONVERSION = YES;
				GCC_WARN_ABOUT_RETURN_TYPE = YES_ERROR;
				GCC_WARN_UNDECLARED_SELECTOR = YES;
				GCC_WARN_UNINITIALIZED_AUTOS = YES_AGGRESSIVE;
				GCC_WARN_UNUSED_FUNCTION = YES;
				GCC_WARN_UNUSED_VARIABLE = YES;
				IPHONEOS_DEPLOYMENT_TARGET = 10.2;
				MTL_ENABLE_DEBUG_INFO = YES;
				ONLY_ACTIVE_ARCH = YES;
				SDKROOT = iphoneos;
				SWIFT_ACTIVE_COMPILATION_CONDITIONS = DEBUG;
				SWIFT_OPTIMIZATION_LEVEL = "-Onone";
				TARGETED_DEVICE_FAMILY = "1,2";
				VERSIONING_SYSTEM = "apple-generic";
				VERSION_INFO_PREFIX = "";
			};
			name = Debug;
		};
		A266A1391E054AC4006ACF19 /* Release */ = {
			isa = XCBuildConfiguration;
			buildSettings = {
				ALWAYS_SEARCH_USER_PATHS = NO;
				CLANG_ANALYZER_NONNULL = YES;
				CLANG_CXX_LANGUAGE_STANDARD = "gnu++0x";
				CLANG_CXX_LIBRARY = "libc++";
				CLANG_ENABLE_MODULES = YES;
				CLANG_ENABLE_OBJC_ARC = YES;
				CLANG_WARN_BOOL_CONVERSION = YES;
				CLANG_WARN_CONSTANT_CONVERSION = YES;
				CLANG_WARN_DIRECT_OBJC_ISA_USAGE = YES_ERROR;
				CLANG_WARN_DOCUMENTATION_COMMENTS = YES;
				CLANG_WARN_EMPTY_BODY = YES;
				CLANG_WARN_ENUM_CONVERSION = YES;
				CLANG_WARN_INFINITE_RECURSION = YES;
				CLANG_WARN_INT_CONVERSION = YES;
				CLANG_WARN_OBJC_ROOT_CLASS = YES_ERROR;
				CLANG_WARN_SUSPICIOUS_MOVE = YES;
				CLANG_WARN_UNREACHABLE_CODE = YES;
				CLANG_WARN__DUPLICATE_METHOD_MATCH = YES;
				"CODE_SIGN_IDENTITY[sdk=iphoneos*]" = "iPhone Developer";
				COPY_PHASE_STRIP = NO;
				CURRENT_PROJECT_VERSION = 1;
				DEBUG_INFORMATION_FORMAT = "dwarf-with-dsym";
				ENABLE_NS_ASSERTIONS = NO;
				ENABLE_STRICT_OBJC_MSGSEND = YES;
				GCC_C_LANGUAGE_STANDARD = gnu99;
				GCC_NO_COMMON_BLOCKS = YES;
				GCC_WARN_64_TO_32_BIT_CONVERSION = YES;
				GCC_WARN_ABOUT_RETURN_TYPE = YES_ERROR;
				GCC_WARN_UNDECLARED_SELECTOR = YES;
				GCC_WARN_UNINITIALIZED_AUTOS = YES_AGGRESSIVE;
				GCC_WARN_UNUSED_FUNCTION = YES;
				GCC_WARN_UNUSED_VARIABLE = YES;
				IPHONEOS_DEPLOYMENT_TARGET = 10.2;
				MTL_ENABLE_DEBUG_INFO = NO;
				SDKROOT = iphoneos;
				SWIFT_OPTIMIZATION_LEVEL = "-Owholemodule";
				TARGETED_DEVICE_FAMILY = "1,2";
				VALIDATE_PRODUCT = YES;
				VERSIONING_SYSTEM = "apple-generic";
				VERSION_INFO_PREFIX = "";
			};
			name = Release;
		};
		A266A13B1E054AC4006ACF19 /* Debug */ = {
			isa = XCBuildConfiguration;
			buildSettings = {
				CLANG_ENABLE_MODULES = YES;
				CODE_SIGN_IDENTITY = "";
				DEFINES_MODULE = YES;
				DEVELOPMENT_TEAM = 9JMJN53AU2;
				DYLIB_COMPATIBILITY_VERSION = 1;
				DYLIB_CURRENT_VERSION = 1;
				DYLIB_INSTALL_NAME_BASE = "@rpath";
				INFOPLIST_FILE = RubiParser/Info.plist;
				INSTALL_PATH = "$(LOCAL_LIBRARY_DIR)/Frameworks";
				IPHONEOS_DEPLOYMENT_TARGET = 8.0;
				LD_RUNPATH_SEARCH_PATHS = "$(inherited) @executable_path/Frameworks @loader_path/Frameworks";
				PRODUCT_BUNDLE_IDENTIFIER = com.empyrealnight.RubiParser;
				PRODUCT_NAME = RubiParser;
				SKIP_INSTALL = YES;
				SWIFT_OPTIMIZATION_LEVEL = "-Onone";
				SWIFT_VERSION = 3.0;
			};
			name = Debug;
		};
		A266A13C1E054AC4006ACF19 /* Release */ = {
			isa = XCBuildConfiguration;
			buildSettings = {
				CLANG_ENABLE_MODULES = YES;
				CODE_SIGN_IDENTITY = "";
				DEFINES_MODULE = YES;
				DEVELOPMENT_TEAM = 9JMJN53AU2;
				DYLIB_COMPATIBILITY_VERSION = 1;
				DYLIB_CURRENT_VERSION = 1;
				DYLIB_INSTALL_NAME_BASE = "@rpath";
				INFOPLIST_FILE = RubiParser/Info.plist;
				INSTALL_PATH = "$(LOCAL_LIBRARY_DIR)/Frameworks";
				IPHONEOS_DEPLOYMENT_TARGET = 8.0;
				LD_RUNPATH_SEARCH_PATHS = "$(inherited) @executable_path/Frameworks @loader_path/Frameworks";
				PRODUCT_BUNDLE_IDENTIFIER = com.empyrealnight.RubiParser;
				PRODUCT_NAME = RubiParser;
				SKIP_INSTALL = YES;
				SWIFT_VERSION = 3.0;
			};
			name = Release;
		};
		A266A13E1E054AC4006ACF19 /* Debug */ = {
			isa = XCBuildConfiguration;
			buildSettings = {
				ALWAYS_EMBED_SWIFT_STANDARD_LIBRARIES = YES;
				DEVELOPMENT_TEAM = 9JMJN53AU2;
				INFOPLIST_FILE = RubiParserTests/Info.plist;
				LD_RUNPATH_SEARCH_PATHS = "$(inherited) @executable_path/Frameworks @loader_path/Frameworks";
				PRODUCT_BUNDLE_IDENTIFIER = com.empyrealnight.RubiParserTests;
				PRODUCT_NAME = "$(TARGET_NAME)";
				SWIFT_VERSION = 3.0;
			};
			name = Debug;
		};
		A266A13F1E054AC4006ACF19 /* Release */ = {
			isa = XCBuildConfiguration;
			buildSettings = {
				ALWAYS_EMBED_SWIFT_STANDARD_LIBRARIES = YES;
				DEVELOPMENT_TEAM = 9JMJN53AU2;
				INFOPLIST_FILE = RubiParserTests/Info.plist;
				LD_RUNPATH_SEARCH_PATHS = "$(inherited) @executable_path/Frameworks @loader_path/Frameworks";
				PRODUCT_BUNDLE_IDENTIFIER = com.empyrealnight.RubiParserTests;
				PRODUCT_NAME = "$(TARGET_NAME)";
				SWIFT_VERSION = 3.0;
			};
			name = Release;
		};
/* End XCBuildConfiguration section */

/* Begin XCConfigurationList section */
		A25BDBF71E0849FF009EA638 /* Build configuration list for PBXNativeTarget "RubiParser macOS" */ = {
			isa = XCConfigurationList;
			buildConfigurations = (
				A25BDBF81E0849FF009EA638 /* Debug */,
				A25BDBF91E0849FF009EA638 /* Release */,
			);
			defaultConfigurationIsVisible = 0;
			defaultConfigurationName = Release;
		};
		A25BDBFA1E0849FF009EA638 /* Build configuration list for PBXNativeTarget "RubiParser macOS Tests" */ = {
			isa = XCConfigurationList;
			buildConfigurations = (
				A25BDBFB1E0849FF009EA638 /* Debug */,
				A25BDBFC1E0849FF009EA638 /* Release */,
			);
			defaultConfigurationIsVisible = 0;
			defaultConfigurationName = Release;
		};
		A25BDC211E084BA0009EA638 /* Build configuration list for PBXNativeTarget "RubiParser watchOS" */ = {
			isa = XCConfigurationList;
			buildConfigurations = (
				A25BDC221E084BA0009EA638 /* Debug */,
				A25BDC231E084BA0009EA638 /* Release */,
			);
			defaultConfigurationIsVisible = 0;
			defaultConfigurationName = Release;
		};
		A25BDC241E084BA0009EA638 /* Build configuration list for PBXNativeTarget "RubiParser watchOS Tests" */ = {
			isa = XCConfigurationList;
			buildConfigurations = (
				A25BDC251E084BA0009EA638 /* Debug */,
				A25BDC261E084BA0009EA638 /* Release */,
			);
			defaultConfigurationIsVisible = 0;
			defaultConfigurationName = Release;
		};
		A25BDC4A1E0A7BAC009EA638 /* Build configuration list for PBXNativeTarget "RubiParser tvOS" */ = {
			isa = XCConfigurationList;
			buildConfigurations = (
				A25BDC4B1E0A7BAC009EA638 /* Debug */,
				A25BDC4C1E0A7BAC009EA638 /* Release */,
			);
			defaultConfigurationIsVisible = 0;
			defaultConfigurationName = Release;
		};
		A25BDC4D1E0A7BAC009EA638 /* Build configuration list for PBXNativeTarget "RubiParser tvOS Tests" */ = {
			isa = XCConfigurationList;
			buildConfigurations = (
				A25BDC4E1E0A7BAC009EA638 /* Debug */,
				A25BDC4F1E0A7BAC009EA638 /* Release */,
			);
			defaultConfigurationIsVisible = 0;
			defaultConfigurationName = Release;
		};
		A266A1201E054AC4006ACF19 /* Build configuration list for PBXProject "RubiParser" */ = {
			isa = XCConfigurationList;
			buildConfigurations = (
				A266A1381E054AC4006ACF19 /* Debug */,
				A266A1391E054AC4006ACF19 /* Release */,
			);
			defaultConfigurationIsVisible = 0;
			defaultConfigurationName = Release;
		};
		A266A13A1E054AC4006ACF19 /* Build configuration list for PBXNativeTarget "RubiParser iOS" */ = {
			isa = XCConfigurationList;
			buildConfigurations = (
				A266A13B1E054AC4006ACF19 /* Debug */,
				A266A13C1E054AC4006ACF19 /* Release */,
			);
			defaultConfigurationIsVisible = 0;
			defaultConfigurationName = Release;
		};
		A266A13D1E054AC4006ACF19 /* Build configuration list for PBXNativeTarget "RubiParser iOS Tests" */ = {
			isa = XCConfigurationList;
			buildConfigurations = (
				A266A13E1E054AC4006ACF19 /* Debug */,
				A266A13F1E054AC4006ACF19 /* Release */,
			);
			defaultConfigurationIsVisible = 0;
			defaultConfigurationName = Release;
		};
/* End XCConfigurationList section */
	};
	rootObject = A266A11D1E054AC4006ACF19 /* Project object */;
}
